
Microsoft Visual Studio Solution File, Format Version 12.00
# Visual Studio Express 2013 for Windows Desktop
VisualStudioVersion = 12.0.30110.0
MinimumVisualStudioVersion = 10.0.40219.1
Project("{8BC9CEB8-8B4A-11D0-8D11-00A0C91BC942}") = "TestAlchemyTypes", "test\TestAlchemyTypes.vcxproj", "{FD22BDFB-073D-471A-81CB-38830B5F74B4}"
EndProject
Project("{8BC9CEB8-8B4A-11D0-8D11-00A0C91BC942}") = "Doxygen", "Doxygen\Doxygen.vcxproj", "{FD674306-0785-43B5-85CA-53710B155A0E}"
EndProject
Project("{8BC9CEB8-8B4A-11D0-8D11-00A0C91BC942}") = "HgTypeListTestSuite", "Tests\HgTypeListTestSuite\HgTypeListTestSuite.vcxproj", "{947CDD76-7D45-4B12-AF7C-78705711548F}"
EndProject
Global
	GlobalSection(SolutionConfigurationPlatforms) = preSolution
		Debug|Win32 = Debug|Win32
		Release|Win32 = Release|Win32
	EndGlobalSection
	GlobalSection(ProjectConfigurationPlatforms) = postSolution
		{FD22BDFB-073D-471A-81CB-38830B5F74B4}.Debug|Win32.ActiveCfg = Debug|Win32
		{FD22BDFB-073D-471A-81CB-38830B5F74B4}.Debug|Win32.Build.0 = Debug|Win32
		{FD22BDFB-073D-471A-81CB-38830B5F74B4}.Release|Win32.ActiveCfg = Release|Win32
		{FD22BDFB-073D-471A-81CB-38830B5F74B4}.Release|Win32.Build.0 = Release|Win32
		{FD674306-0785-43B5-85CA-53710B155A0E}.Debug|Win32.ActiveCfg = Debug|Win32
		{FD674306-0785-43B5-85CA-53710B155A0E}.Release|Win32.ActiveCfg = Release|Win32
		{FD674306-0785-43B5-85CA-53710B155A0E}.Release|Win32.Build.0 = Release|Win32
		{947CDD76-7D45-4B12-AF7C-78705711548F}.Debug|Win32.ActiveCfg = Debug|Win32
		{947CDD76-7D45-4B12-AF7C-78705711548F}.Debug|Win32.Build.0 = Debug|Win32
		{947CDD76-7D45-4B12-AF7C-78705711548F}.Release|Win32.ActiveCfg = Release|Win32
		{947CDD76-7D45-4B12-AF7C-78705711548F}.Release|Win32.Build.0 = Release|Win32
	EndGlobalSection
	GlobalSection(SolutionProperties) = preSolution
		HideSolutionNode = FALSE
	EndGlobalSection
EndGlobal
