<?xml version="1.0" encoding="utf-8"?>
<Project ToolsVersion="4.0" xmlns="http://schemas.microsoft.com/developer/msbuild/2003">
  <ItemGroup>
    <Filter Include="Source Files">
      <UniqueIdentifier>{a632d5c8-95fa-4394-a0b2-1dcb884e2241}</UniqueIdentifier>
      <Extensions>cpp;cxx;c;cc</Extensions>
    </Filter>
    <Filter Include="Header Files">
      <UniqueIdentifier>{3cca6b9b-e446-4129-a4b1-a12b983afcd8}</UniqueIdentifier>
      <Extensions>h;hpp;hh;inl</Extensions>
    </Filter>
    <Filter Include="Header Files\Tests">
      <UniqueIdentifier>{de9446fa-0ecb-4e96-aae7-017648fdbed0}</UniqueIdentifier>
    </Filter>
    <Filter Include="Source Files\Generated">
      <UniqueIdentifier>{e0e79b87-cc8d-4056-b35d-9e81dbd470e2}</UniqueIdentifier>
    </Filter>
    <Filter Include="Header Files\Alchemy">
      <UniqueIdentifier>{680c577b-60ea-40b6-a1ad-580915c3c4e0}</UniqueIdentifier>
    </Filter>
    <Filter Include="Header Files\Alchemy\Pb">
      <UniqueIdentifier>{142ba4a2-8c40-4b56-8329-6af39280146e}</UniqueIdentifier>
    </Filter>
    <Filter Include="Header Files\Alchemy\Pb\bit_field">
      <UniqueIdentifier>{fe18d786-09e4-4677-9992-ba8b234ba3a2}</UniqueIdentifier>
    </Filter>
    <Filter Include="Header Files\Alchemy\Pb\detail">
      <UniqueIdentifier>{22bf15e3-2bc9-4ab8-8ed6-eb99a6e683d3}</UniqueIdentifier>
    </Filter>
    <Filter Include="Header Files\Tests\common">
      <UniqueIdentifier>{f6593902-328d-4bd3-9fa9-233dc6819e01}</UniqueIdentifier>
    </Filter>
  </ItemGroup>
  <ItemGroup>
    <Text Include="readme.txt" />
  </ItemGroup>
  <ItemGroup>
    <ClInclude Include="Src\TestByteOrder.h">
      <Filter>Header Files\Tests</Filter>
    </ClInclude>
    <ClInclude Include="Src\TestMeta.h">
      <Filter>Header Files\Tests</Filter>
    </ClInclude>
    <ClInclude Include="..\..\Pb\bit_field\bit_field.h">
      <Filter>Header Files\Alchemy\Pb\bit_field</Filter>
    </ClInclude>
    <ClInclude Include="..\..\Pb\bit_field\bit_field_array.h">
      <Filter>Header Files\Alchemy\Pb\bit_field</Filter>
    </ClInclude>
    <ClInclude Include="..\..\Pb\bit_field\bit_field_vector.h">
      <Filter>Header Files\Alchemy\Pb\bit_field</Filter>
    </ClInclude>
    <ClInclude Include="..\..\Pb\auto_index.h">
      <Filter>Header Files\Alchemy\Pb</Filter>
    </ClInclude>
    <ClInclude Include="..\..\Pb\byte_order.h">
      <Filter>Header Files\Alchemy\Pb</Filter>
    </ClInclude>
    <ClInclude Include="..\..\Pb\compiler.h">
      <Filter>Header Files\Alchemy\Pb</Filter>
    </ClInclude>
    <ClInclude Include="..\..\Pb\dynamic.h">
      <Filter>Header Files\Alchemy\Pb</Filter>
    </ClInclude>
    <ClInclude Include="..\..\Pb\integer_sequence.h">
      <Filter>Header Files\Alchemy\Pb</Filter>
    </ClInclude>
    <ClInclude Include="..\..\Pb\meta_error.h">
      <Filter>Header Files\Alchemy\Pb</Filter>
    </ClInclude>
    <ClInclude Include="..\..\Pb\meta_foreach.h">
      <Filter>Header Files\Alchemy\Pb</Filter>
    </ClInclude>
    <ClInclude Include="..\..\Pb\meta_fwd.h">
      <Filter>Header Files\Alchemy\Pb</Filter>
    </ClInclude>
    <ClInclude Include="..\..\Pb\meta_macros.h">
      <Filter>Header Files\Alchemy\Pb</Filter>
    </ClInclude>
    <ClInclude Include="..\..\Pb\meta_math.h">
      <Filter>Header Files\Alchemy\Pb</Filter>
    </ClInclude>
    <ClInclude Include="..\..\Pb\meta_util.h">
      <Filter>Header Files\Alchemy\Pb</Filter>
    </ClInclude>
    <ClInclude Include="..\..\Pb\type_list.h">
      <Filter>Header Files\Alchemy\Pb</Filter>
    </ClInclude>
    <ClInclude Include="..\..\Pb\detail\conditional.h">
      <Filter>Header Files\Alchemy\Pb\detail</Filter>
    </ClInclude>
    <ClInclude Include="..\..\Pb\detail\tr1_helper.h">
      <Filter>Header Files\Alchemy\Pb\detail</Filter>
    </ClInclude>
    <ClInclude Include="..\..\Pb\detail\rvalue_ref.h">
      <Filter>Header Files\Alchemy\Pb\detail</Filter>
    </ClInclude>
    <ClInclude Include="..\..\Pb\detail\alias_templates.h">
      <Filter>Header Files\Alchemy\Pb\detail</Filter>
    </ClInclude>
    <ClInclude Include="..\..\Pb\detail\auto.h">
      <Filter>Header Files\Alchemy\Pb\detail</Filter>
    </ClInclude>
    <ClInclude Include="..\..\Pb\detail\decltype.h">
      <Filter>Header Files\Alchemy\Pb\detail</Filter>
    </ClInclude>
    <ClInclude Include="..\..\Pb\detail\explicit_conversion.h">
      <Filter>Header Files\Alchemy\Pb\detail</Filter>
    </ClInclude>
    <ClInclude Include="..\..\Pb\detail\range_for.h">
      <Filter>Header Files\Alchemy\Pb\detail</Filter>
    </ClInclude>
    <ClInclude Include="..\..\Pb\detail\static_assert.h">
      <Filter>Header Files\Alchemy\Pb\detail</Filter>
    </ClInclude>
    <ClInclude Include="..\..\Pb\detail\trailing_fn_return.h">
      <Filter>Header Files\Alchemy\Pb\detail</Filter>
    </ClInclude>
    <ClInclude Include="..\..\Pb\detail\uses_exceptions.h">
      <Filter>Header Files\Alchemy\Pb\detail</Filter>
    </ClInclude>
    <ClInclude Include="..\..\Pb\detail\variadic_templates.h">
      <Filter>Header Files\Alchemy\Pb\detail</Filter>
    </ClInclude>
    <ClInclude Include="..\common\test_def.h">
      <Filter>Header Files\Tests\common</Filter>
    </ClInclude>
    <ClInclude Include="..\common\geometry_testdata.h">
      <Filter>Header Files\Tests\common</Filter>
    </ClInclude>
    <ClInclude Include="..\common\geometry_typelist.h">
      <Filter>Header Files\Tests\common</Filter>
    </ClInclude>
    <ClInclude Include="..\common\msgtest_typelist.h">
      <Filter>Header Files\Tests\common</Filter>
    </ClInclude>
    <ClInclude Include="..\common\test_helper.h">
      <Filter>Header Files\Tests\common</Filter>
    </ClInclude>
    <ClInclude Include="..\..\Pb\bit_field\packed_bits.h">
      <Filter>Header Files\Alchemy\Pb\bit_field</Filter>
    </ClInclude>
    <ClInclude Include="..\..\Pb\detail\offset_of.h">
      <Filter>Header Files\Alchemy\Pb\detail</Filter>
    </ClInclude>
    <ClInclude Include="..\..\Pb\detail\endianess.h">
      <Filter>Header Files\Alchemy\Pb</Filter>
    </ClInclude>
    <ClInclude Include="..\..\Pb\type_list_size.h">
      <Filter>Header Files\Alchemy\Pb</Filter>
    </ClInclude>
    <ClInclude Include="Src\TestOptional.h">
      <Filter>Header Files\Tests</Filter>
    </ClInclude>
    <ClInclude Include="..\..\Pb\optional.h">
      <Filter>Header Files\Alchemy\Pb</Filter>
    </ClInclude>
  </ItemGroup>
  <ItemGroup>
    <ClCompile Include="Src\Generated\PbTestSuiteRunner.cpp">
      <Filter>Source Files\Generated</Filter>
    </ClCompile>
  </ItemGroup>
</Project>