<?xml version="1.0" encoding="utf-8"?>
<Project ToolsVersion="4.0" xmlns="http://schemas.microsoft.com/developer/msbuild/2003">
  <ItemGroup>
    <Filter Include="Source Files">
      <UniqueIdentifier>{d5efe11f-d6fc-4a93-8b1b-fb658b3c8cbc}</UniqueIdentifier>
      <Extensions>cpp;cxx;c;cc</Extensions>
    </Filter>
    <Filter Include="Header Files">
      <UniqueIdentifier>{9cb533d3-89fb-497d-b972-3e5d1e557c1b}</UniqueIdentifier>
      <Extensions>h;hpp;hh;inl</Extensions>
    </Filter>
    <Filter Include="Header Files\Tests">
      <UniqueIdentifier>{669d6bb6-4018-4812-b729-dc3f31b00351}</UniqueIdentifier>
    </Filter>
  </ItemGroup>
  <ItemGroup>
    <Text Include="readme.txt" />
  </ItemGroup>
  <ItemGroup>
    <ClCompile Include="Src\Generated\CarbonTestSuiteRunner.cpp">
      <Filter>Source Files</Filter>
    </ClCompile>
    <ClCompile Include="carbon_data.cpp">
      <Filter>Source Files</Filter>
    </ClCompile>
    <ClCompile Include="c_usage.c">
      <Filter>Source Files</Filter>
    </ClCompile>
  </ItemGroup>
  <ItemGroup>
    <ClInclude Include="Src\CarbonTestSuite.h">
      <Filter>Header Files\Tests</Filter>
    </ClInclude>
    <ClInclude Include="..\..\C\carbon_def.h">
      <Filter>Header Files</Filter>
    </ClInclude>
    <ClInclude Include="CarbonTestDefs.h">
      <Filter>Header Files\Tests</Filter>
    </ClInclude>
    <ClInclude Include="..\..\C\carbonate.h">
      <Filter>Header Files</Filter>
    </ClInclude>
    <ClInclude Include="..\..\Carbon.h">
      <Filter>Header Files</Filter>
    </ClInclude>
    <ClInclude Include="..\..\C\conversion.h">
      <Filter>Header Files</Filter>
    </ClInclude>
    <ClInclude Include="c_usage.h">
      <Filter>Header Files</Filter>
    </ClInclude>
  </ItemGroup>
</Project>