
Microsoft Visual Studio Solution File, Format Version 12.00
# Visual Studio Express 2013 for Windows Desktop
VisualStudioVersion = 12.0.30110.0
MinimumVisualStudioVersion = 10.0.40219.1
Project("{8BC9CEB8-8B4A-11D0-8D11-00A0C91BC942}") = "Doxygen", "..\..\Doxygen\Doxygen.vcxproj", "{FD674306-0785-43B5-85CA-53710B155A0E}"
EndProject
Project("{8BC9CEB8-8B4A-11D0-8D11-00A0C91BC942}") = "HgTypeListTestSuite", "..\..\..\U232\HgTypeListTestSuite\HgTypeListTestSuite.vcxproj", "{947CDD76-7D45-4B12-AF7C-78705711548F}"
EndProject
Project("{8BC9CEB8-8B4A-11D0-8D11-00A0C91BC942}") = "PbTestSuite", "..\..\..\U232\PbTestSuite\PbTestSuite.vcxproj", "{A5EA0912-8056-4FD1-B5BE-FAFC41CE62F2}"
EndProject
Project("{8BC9CEB8-8B4A-11D0-8D11-00A0C91BC942}") = "HgBasicTestSuite", "..\..\..\U232\HgBasicTestSuite\HgBasicTestSuite.vcxproj", "{FD22BDFB-073D-471A-81CB-38830B5F74B4}"
EndProject
Project("{8BC9CEB8-8B4A-11D0-8D11-00A0C91BC942}") = "HgComplexTestSuite", "..\..\..\U232\HgComplexTestSuite\HgComplexTestSuite.vcxproj", "{18C20603-26FD-4803-8ACB-3748B729FA36}"
EndProject
Project("{8BC9CEB8-8B4A-11D0-8D11-00A0C91BC942}") = "benchmark", "benchmark.vcxproj", "{28141038-3B75-4A64-88AD-218FC21A2E11}"
EndProject
Project("{8BC9CEB8-8B4A-11D0-8D11-00A0C91BC942}") = "sgraphy", "..\..\sgraphy\sgraphy.vcxproj", "{73DC0735-11CE-4365-AFE1-CCD512F4349A}"
EndProject
Project("{8BC9CEB8-8B4A-11D0-8D11-00A0C91BC942}") = "CarbonTestSuite", "..\..\..\U232\CarbonTestSuite\CarbonTestSuite.vcxproj", "{9135932B-0A26-4E2C-9D43-CB8063491E2B}"
	ProjectSection(ProjectDependencies) = postProject
		{274A541B-2BE9-492A-AE17-051641CBA5E6} = {274A541B-2BE9-492A-AE17-051641CBA5E6}
	EndProjectSection
EndProject
Project("{8BC9CEB8-8B4A-11D0-8D11-00A0C91BC942}") = "CarbonTestLibrary", "..\..\..\U232\CarbonTestSuite\CarbonTestLibrary.vcxproj", "{274A541B-2BE9-492A-AE17-051641CBA5E6}"
EndProject
Global
	GlobalSection(SolutionConfigurationPlatforms) = preSolution
		Debug|Mixed Platforms = Debug|Mixed Platforms
		Debug|Win32 = Debug|Win32
		Debug|x64 = Debug|x64
		Release|Mixed Platforms = Release|Mixed Platforms
		Release|Win32 = Release|Win32
		Release|x64 = Release|x64
	EndGlobalSection
	GlobalSection(ProjectConfigurationPlatforms) = postSolution
		{FD674306-0785-43B5-85CA-53710B155A0E}.Debug|Mixed Platforms.ActiveCfg = Debug|Win32
		{FD674306-0785-43B5-85CA-53710B155A0E}.Debug|Win32.ActiveCfg = Debug|Win32
		{FD674306-0785-43B5-85CA-53710B155A0E}.Debug|Win32.Build.0 = Debug|Win32
		{FD674306-0785-43B5-85CA-53710B155A0E}.Debug|x64.ActiveCfg = Debug|Win32
		{FD674306-0785-43B5-85CA-53710B155A0E}.Release|Mixed Platforms.ActiveCfg = Release|Win32
		{FD674306-0785-43B5-85CA-53710B155A0E}.Release|Win32.ActiveCfg = Release|Win32
		{FD674306-0785-43B5-85CA-53710B155A0E}.Release|Win32.Build.0 = Release|Win32
		{FD674306-0785-43B5-85CA-53710B155A0E}.Release|x64.ActiveCfg = Release|Win32
		{947CDD76-7D45-4B12-AF7C-78705711548F}.Debug|Mixed Platforms.ActiveCfg = Debug|Win32
		{947CDD76-7D45-4B12-AF7C-78705711548F}.Debug|Mixed Platforms.Build.0 = Debug|Win32
		{947CDD76-7D45-4B12-AF7C-78705711548F}.Debug|Win32.ActiveCfg = Debug|Win32
		{947CDD76-7D45-4B12-AF7C-78705711548F}.Debug|Win32.Build.0 = Debug|Win32
		{947CDD76-7D45-4B12-AF7C-78705711548F}.Debug|x64.ActiveCfg = Debug|x64
		{947CDD76-7D45-4B12-AF7C-78705711548F}.Debug|x64.Build.0 = Debug|x64
		{947CDD76-7D45-4B12-AF7C-78705711548F}.Release|Mixed Platforms.ActiveCfg = Release|Win32
		{947CDD76-7D45-4B12-AF7C-78705711548F}.Release|Mixed Platforms.Build.0 = Release|Win32
		{947CDD76-7D45-4B12-AF7C-78705711548F}.Release|Win32.ActiveCfg = Release|Win32
		{947CDD76-7D45-4B12-AF7C-78705711548F}.Release|x64.ActiveCfg = Release|x64
		{947CDD76-7D45-4B12-AF7C-78705711548F}.Release|x64.Build.0 = Release|x64
		{A5EA0912-8056-4FD1-B5BE-FAFC41CE62F2}.Debug|Mixed Platforms.ActiveCfg = Debug|Win32
		{A5EA0912-8056-4FD1-B5BE-FAFC41CE62F2}.Debug|Mixed Platforms.Build.0 = Debug|Win32
		{A5EA0912-8056-4FD1-B5BE-FAFC41CE62F2}.Debug|Win32.ActiveCfg = Debug|Win32
		{A5EA0912-8056-4FD1-B5BE-FAFC41CE62F2}.Debug|Win32.Build.0 = Debug|Win32
		{A5EA0912-8056-4FD1-B5BE-FAFC41CE62F2}.Debug|x64.ActiveCfg = Debug|x64
		{A5EA0912-8056-4FD1-B5BE-FAFC41CE62F2}.Debug|x64.Build.0 = Debug|x64
		{A5EA0912-8056-4FD1-B5BE-FAFC41CE62F2}.Release|Mixed Platforms.ActiveCfg = Release|Win32
		{A5EA0912-8056-4FD1-B5BE-FAFC41CE62F2}.Release|Mixed Platforms.Build.0 = Release|Win32
		{A5EA0912-8056-4FD1-B5BE-FAFC41CE62F2}.Release|Win32.ActiveCfg = Release|Win32
		{A5EA0912-8056-4FD1-B5BE-FAFC41CE62F2}.Release|x64.ActiveCfg = Release|x64
		{A5EA0912-8056-4FD1-B5BE-FAFC41CE62F2}.Release|x64.Build.0 = Release|x64
		{FD22BDFB-073D-471A-81CB-38830B5F74B4}.Debug|Mixed Platforms.ActiveCfg = Debug|Win32
		{FD22BDFB-073D-471A-81CB-38830B5F74B4}.Debug|Mixed Platforms.Build.0 = Debug|Win32
		{FD22BDFB-073D-471A-81CB-38830B5F74B4}.Debug|Win32.ActiveCfg = Debug|Win32
		{FD22BDFB-073D-471A-81CB-38830B5F74B4}.Debug|Win32.Build.0 = Debug|Win32
		{FD22BDFB-073D-471A-81CB-38830B5F74B4}.Debug|x64.ActiveCfg = Debug|x64
		{FD22BDFB-073D-471A-81CB-38830B5F74B4}.Debug|x64.Build.0 = Debug|x64
		{FD22BDFB-073D-471A-81CB-38830B5F74B4}.Release|Mixed Platforms.ActiveCfg = Release|Win32
		{FD22BDFB-073D-471A-81CB-38830B5F74B4}.Release|Mixed Platforms.Build.0 = Release|Win32
		{FD22BDFB-073D-471A-81CB-38830B5F74B4}.Release|Win32.ActiveCfg = Release|Win32
		{FD22BDFB-073D-471A-81CB-38830B5F74B4}.Release|x64.ActiveCfg = Release|x64
		{FD22BDFB-073D-471A-81CB-38830B5F74B4}.Release|x64.Build.0 = Release|x64
		{18C20603-26FD-4803-8ACB-3748B729FA36}.Debug|Mixed Platforms.ActiveCfg = Debug|Win32
		{18C20603-26FD-4803-8ACB-3748B729FA36}.Debug|Mixed Platforms.Build.0 = Debug|Win32
		{18C20603-26FD-4803-8ACB-3748B729FA36}.Debug|Win32.ActiveCfg = Debug|Win32
		{18C20603-26FD-4803-8ACB-3748B729FA36}.Debug|Win32.Build.0 = Debug|Win32
		{18C20603-26FD-4803-8ACB-3748B729FA36}.Debug|x64.ActiveCfg = Debug|x64
		{18C20603-26FD-4803-8ACB-3748B729FA36}.Debug|x64.Build.0 = Debug|x64
		{18C20603-26FD-4803-8ACB-3748B729FA36}.Release|Mixed Platforms.ActiveCfg = Release|Win32
		{18C20603-26FD-4803-8ACB-3748B729FA36}.Release|Mixed Platforms.Build.0 = Release|Win32
		{18C20603-26FD-4803-8ACB-3748B729FA36}.Release|Win32.ActiveCfg = Release|Win32
		{18C20603-26FD-4803-8ACB-3748B729FA36}.Release|x64.ActiveCfg = Release|x64
		{18C20603-26FD-4803-8ACB-3748B729FA36}.Release|x64.Build.0 = Release|x64
		{28141038-3B75-4A64-88AD-218FC21A2E11}.Debug|Mixed Platforms.ActiveCfg = Debug|Win32
		{28141038-3B75-4A64-88AD-218FC21A2E11}.Debug|Mixed Platforms.Build.0 = Debug|Win32
		{28141038-3B75-4A64-88AD-218FC21A2E11}.Debug|Win32.ActiveCfg = Debug|Win32
		{28141038-3B75-4A64-88AD-218FC21A2E11}.Debug|Win32.Build.0 = Debug|Win32
		{28141038-3B75-4A64-88AD-218FC21A2E11}.Debug|x64.ActiveCfg = Debug|Win32
		{28141038-3B75-4A64-88AD-218FC21A2E11}.Release|Mixed Platforms.ActiveCfg = Release|Win32
		{28141038-3B75-4A64-88AD-218FC21A2E11}.Release|Mixed Platforms.Build.0 = Release|Win32
		{28141038-3B75-4A64-88AD-218FC21A2E11}.Release|Win32.ActiveCfg = Release|Win32
		{28141038-3B75-4A64-88AD-218FC21A2E11}.Release|Win32.Build.0 = Release|Win32
		{28141038-3B75-4A64-88AD-218FC21A2E11}.Release|x64.ActiveCfg = Release|Win32
		{73DC0735-11CE-4365-AFE1-CCD512F4349A}.Debug|Mixed Platforms.ActiveCfg = Debug|Win32
		{73DC0735-11CE-4365-AFE1-CCD512F4349A}.Debug|Mixed Platforms.Build.0 = Debug|Win32
		{73DC0735-11CE-4365-AFE1-CCD512F4349A}.Debug|Win32.ActiveCfg = Debug|Win32
		{73DC0735-11CE-4365-AFE1-CCD512F4349A}.Debug|Win32.Build.0 = Debug|Win32
		{73DC0735-11CE-4365-AFE1-CCD512F4349A}.Debug|x64.ActiveCfg = Debug|Win32
		{73DC0735-11CE-4365-AFE1-CCD512F4349A}.Release|Mixed Platforms.ActiveCfg = Release|Win32
		{73DC0735-11CE-4365-AFE1-CCD512F4349A}.Release|Mixed Platforms.Build.0 = Release|Win32
		{73DC0735-11CE-4365-AFE1-CCD512F4349A}.Release|Win32.ActiveCfg = Release|Win32
		{73DC0735-11CE-4365-AFE1-CCD512F4349A}.Release|Win32.Build.0 = Release|Win32
		{73DC0735-11CE-4365-AFE1-CCD512F4349A}.Release|x64.ActiveCfg = Release|Win32
		{9135932B-0A26-4E2C-9D43-CB8063491E2B}.Debug|Mixed Platforms.ActiveCfg = Debug|Win32
		{9135932B-0A26-4E2C-9D43-CB8063491E2B}.Debug|Mixed Platforms.Build.0 = Debug|Win32
		{9135932B-0A26-4E2C-9D43-CB8063491E2B}.Debug|Win32.ActiveCfg = Debug|Win32
		{9135932B-0A26-4E2C-9D43-CB8063491E2B}.Debug|Win32.Build.0 = Debug|Win32
		{9135932B-0A26-4E2C-9D43-CB8063491E2B}.Debug|x64.ActiveCfg = Debug|Win32
		{9135932B-0A26-4E2C-9D43-CB8063491E2B}.Release|Mixed Platforms.ActiveCfg = Release|Win32
		{9135932B-0A26-4E2C-9D43-CB8063491E2B}.Release|Mixed Platforms.Build.0 = Release|Win32
		{9135932B-0A26-4E2C-9D43-CB8063491E2B}.Release|Win32.ActiveCfg = Release|Win32
		{9135932B-0A26-4E2C-9D43-CB8063491E2B}.Release|Win32.Build.0 = Release|Win32
		{9135932B-0A26-4E2C-9D43-CB8063491E2B}.Release|x64.ActiveCfg = Release|Win32
		{274A541B-2BE9-492A-AE17-051641CBA5E6}.Debug|Mixed Platforms.ActiveCfg = Debug|Win32
		{274A541B-2BE9-492A-AE17-051641CBA5E6}.Debug|Mixed Platforms.Build.0 = Debug|Win32
		{274A541B-2BE9-492A-AE17-051641CBA5E6}.Debug|Win32.ActiveCfg = Debug|Win32
		{274A541B-2BE9-492A-AE17-051641CBA5E6}.Debug|Win32.Build.0 = Debug|Win32
		{274A541B-2BE9-492A-AE17-051641CBA5E6}.Debug|x64.ActiveCfg = Debug|Win32
		{274A541B-2BE9-492A-AE17-051641CBA5E6}.Release|Mixed Platforms.ActiveCfg = Release|Win32
		{274A541B-2BE9-492A-AE17-051641CBA5E6}.Release|Mixed Platforms.Build.0 = Release|Win32
		{274A541B-2BE9-492A-AE17-051641CBA5E6}.Release|Win32.ActiveCfg = Release|Win32
		{274A541B-2BE9-492A-AE17-051641CBA5E6}.Release|Win32.Build.0 = Release|Win32
		{274A541B-2BE9-492A-AE17-051641CBA5E6}.Release|x64.ActiveCfg = Release|Win32
	EndGlobalSection
	GlobalSection(SolutionProperties) = preSolution
		HideSolutionNode = FALSE
	EndGlobalSection
EndGlobal
