<?xml version="1.0" encoding="utf-8"?>
<Project ToolsVersion="4.0" xmlns="http://schemas.microsoft.com/developer/msbuild/2003">
  <ItemGroup>
    <Filter Include="Source Files">
      <UniqueIdentifier>{09d3f839-9c1d-4779-ac0f-50bbba3679fd}</UniqueIdentifier>
      <Extensions>cpp;cxx;c;cc</Extensions>
    </Filter>
    <Filter Include="Header Files">
      <UniqueIdentifier>{1c368b19-442e-47ee-8f74-1010ebf50f72}</UniqueIdentifier>
      <Extensions>h;hpp;hh;inl</Extensions>
    </Filter>
    <Filter Include="Header Files\Alchemy">
      <UniqueIdentifier>{03e3d016-e760-4073-bf2b-fe4440f901a9}</UniqueIdentifier>
    </Filter>
    <Filter Include="Header Files\Alchemy\Hg">
      <UniqueIdentifier>{aa304469-3bbf-4a86-87b6-96bf5f8e1e46}</UniqueIdentifier>
    </Filter>
    <Filter Include="Header Files\Alchemy\Pb">
      <UniqueIdentifier>{66520548-99bc-43fe-97e4-427c0e1c8e4d}</UniqueIdentifier>
    </Filter>
    <Filter Include="Header Files\Alchemy\Hg\Proxy">
      <UniqueIdentifier>{ea5ba688-24bb-4ad1-ad4f-d023daa16462}</UniqueIdentifier>
    </Filter>
    <Filter Include="Header Files\Alchemy\Hg\Datum">
      <UniqueIdentifier>{237395e4-bffb-49e6-b485-aa8d39f328c7}</UniqueIdentifier>
    </Filter>
    <Filter Include="Header Files\Alchemy\Pb\bit_field">
      <UniqueIdentifier>{5994d86a-e6c2-4182-88a4-4f50ca4f1145}</UniqueIdentifier>
    </Filter>
    <Filter Include="Header Files\Alchemy\Pb\type_list">
      <UniqueIdentifier>{ea5c05eb-c1f8-4e6b-bd4f-1a18a2e7c642}</UniqueIdentifier>
    </Filter>
    <Filter Include="Header Files\Tests">
      <UniqueIdentifier>{4898ff05-c63c-4975-9636-9cab7d5a86b3}</UniqueIdentifier>
    </Filter>
  </ItemGroup>
  <ItemGroup>
    <Text Include="readme.txt" />
  </ItemGroup>
  <ItemGroup>
    <ClCompile Include="Src\Generated\HgTypeListTestSuiteRunner.cpp">
      <Filter>Source Files</Filter>
    </ClCompile>
  </ItemGroup>
  <ItemGroup>
    <ClInclude Include="..\..\Pb\bit_field\basic_list.h">
      <Filter>Header Files\Alchemy\Pb\bit_field</Filter>
    </ClInclude>
    <ClInclude Include="..\..\Pb\bit_field\bit_field.h">
      <Filter>Header Files\Alchemy\Pb\bit_field</Filter>
    </ClInclude>
    <ClInclude Include="..\..\Pb\bit_field\bit_field_array.h">
      <Filter>Header Files\Alchemy\Pb\bit_field</Filter>
    </ClInclude>
    <ClInclude Include="..\..\Pb\bit_field\bit_field_vector.h">
      <Filter>Header Files\Alchemy\Pb\bit_field</Filter>
    </ClInclude>
    <ClInclude Include="..\..\Pb\type_list\length.h">
      <Filter>Header Files\Alchemy\Pb\type_list</Filter>
    </ClInclude>
    <ClInclude Include="..\..\Pb\type_list\offset_of.h">
      <Filter>Header Files\Alchemy\Pb\type_list</Filter>
    </ClInclude>
    <ClInclude Include="..\..\Pb\type_list\size_at.h">
      <Filter>Header Files\Alchemy\Pb\type_list</Filter>
    </ClInclude>
    <ClInclude Include="..\..\Pb\type_list\type_at.h">
      <Filter>Header Files\Alchemy\Pb\type_list</Filter>
    </ClInclude>
    <ClInclude Include="..\..\Hg\deduce_type_trait.h">
      <Filter>Header Files\Alchemy\Hg</Filter>
    </ClInclude>
    <ClInclude Include="..\..\Hg\msg_buffer.h">
      <Filter>Header Files\Alchemy\Hg</Filter>
    </ClInclude>
    <ClInclude Include="..\..\Hg\msg_def.h">
      <Filter>Header Files\Alchemy\Hg</Filter>
    </ClInclude>
    <ClInclude Include="..\..\Hg\msg_fwd.h">
      <Filter>Header Files\Alchemy\Hg</Filter>
    </ClInclude>
    <ClInclude Include="..\..\Hg\datum\basic_datum.h">
      <Filter>Header Files\Alchemy\Hg\Datum</Filter>
    </ClInclude>
    <ClInclude Include="..\..\Hg\datum\datum.h">
      <Filter>Header Files\Alchemy\Hg\Datum</Filter>
    </ClInclude>
    <ClInclude Include="..\..\Hg\proxy\array_proxy.h">
      <Filter>Header Files\Alchemy\Hg\Proxy</Filter>
    </ClInclude>
    <ClInclude Include="..\..\Hg\proxy\bitlist_field_proxy.h">
      <Filter>Header Files\Alchemy\Hg\Proxy</Filter>
    </ClInclude>
    <ClInclude Include="..\..\Hg\proxy\data_proxy.h">
      <Filter>Header Files\Alchemy\Hg\Proxy</Filter>
    </ClInclude>
    <ClInclude Include="..\..\Hg\proxy\deduce_proxy_type.h">
      <Filter>Header Files\Alchemy\Hg\Proxy</Filter>
    </ClInclude>
    <ClInclude Include="..\..\Hg\proxy\vector_proxy.h">
      <Filter>Header Files\Alchemy\Hg\Proxy</Filter>
    </ClInclude>
    <ClInclude Include="..\..\Hg\make_Hg_type_list.h">
      <Filter>Header Files\Alchemy\Hg</Filter>
    </ClInclude>
    <ClInclude Include="..\..\Alchemy.h">
      <Filter>Header Files\Alchemy</Filter>
    </ClInclude>
    <ClInclude Include="..\..\Pb\auto_index.h">
      <Filter>Header Files\Alchemy\Pb</Filter>
    </ClInclude>
    <ClInclude Include="..\..\Pb\bit_field_list.h">
      <Filter>Header Files\Alchemy\Pb</Filter>
    </ClInclude>
    <ClInclude Include="..\..\Pb\byte_order.h">
      <Filter>Header Files\Alchemy\Pb</Filter>
    </ClInclude>
    <ClInclude Include="..\..\Pb\compiler.h">
      <Filter>Header Files\Alchemy\Pb</Filter>
    </ClInclude>
    <ClInclude Include="..\..\Pb\container_size.h">
      <Filter>Header Files\Alchemy\Pb</Filter>
    </ClInclude>
    <ClInclude Include="..\..\Pb\dynamic.h">
      <Filter>Header Files\Alchemy\Pb</Filter>
    </ClInclude>
    <ClInclude Include="..\..\Pb\integer_sequence.h">
      <Filter>Header Files\Alchemy\Pb</Filter>
    </ClInclude>
    <ClInclude Include="..\..\Pb\length.h">
      <Filter>Header Files\Alchemy\Pb</Filter>
    </ClInclude>
    <ClInclude Include="..\..\Pb\meta_error.h">
      <Filter>Header Files\Alchemy\Pb</Filter>
    </ClInclude>
    <ClInclude Include="..\..\Pb\meta_foreach.h">
      <Filter>Header Files\Alchemy\Pb</Filter>
    </ClInclude>
    <ClInclude Include="..\..\Pb\meta_fwd.h">
      <Filter>Header Files\Alchemy\Pb</Filter>
    </ClInclude>
    <ClInclude Include="..\..\Pb\meta_macros.h">
      <Filter>Header Files\Alchemy\Pb</Filter>
    </ClInclude>
    <ClInclude Include="..\..\Pb\meta_math.h">
      <Filter>Header Files\Alchemy\Pb</Filter>
    </ClInclude>
    <ClInclude Include="..\..\Pb\meta_util.h">
      <Filter>Header Files\Alchemy\Pb</Filter>
    </ClInclude>
    <ClInclude Include="..\..\Pb\offset_of.h">
      <Filter>Header Files\Alchemy\Pb</Filter>
    </ClInclude>
    <ClInclude Include="..\..\Pb\size_at.h">
      <Filter>Header Files\Alchemy\Pb</Filter>
    </ClInclude>
    <ClInclude Include="..\..\Pb\size_of.h">
      <Filter>Header Files\Alchemy\Pb</Filter>
    </ClInclude>
    <ClInclude Include="..\..\Pb\type_at.h">
      <Filter>Header Files\Alchemy\Pb</Filter>
    </ClInclude>
    <ClInclude Include="..\..\Pb\type_list.h">
      <Filter>Header Files\Alchemy\Pb</Filter>
    </ClInclude>
    <ClInclude Include="..\..\Pb\type_node.h">
      <Filter>Header Files\Alchemy\Pb</Filter>
    </ClInclude>
    <ClInclude Include="Src\hgtypelisttestsuite.h">
      <Filter>Header Files\Tests</Filter>
    </ClInclude>
  </ItemGroup>
</Project>